{
  "requires": true,
  "lockfileVersion": 1,
  "dependencies": {
    "charming": {
      "version": "3.0.2",
      "resolved": "https://registry.npmjs.org/charming/-/charming-3.0.2.tgz",
      "integrity": "sha512-T0n8yF4m9m0du07ydm52jh8JbNbhW0D9ugNwBg+naJ/myv4T6wdo9TN5X5YEAoKAZbZuAaZomKnuIUCyoq3rlw=="
    }
  }
}
